
Microsoft Visual Studio Solution File, Format Version 12.00
# Visual Studio Version 16
VisualStudioVersion = 16.0.31105.61
MinimumVisualStudioVersion = 10.0.40219.1
Project("{FAE04EC0-301F-11D3-BF4B-00C04F79EFBC}") = "BT3_Coche", "BT3_Coche\BT3_Coche.csproj", "{447C4997-AC51-46C4-B726-7E683525B544}"
EndProject
Global
	GlobalSection(SolutionConfigurationPlatforms) = preSolution
		Debug|Any CPU = Debug|Any CPU
		Release|Any CPU = Release|Any CPU
	EndGlobalSection
	GlobalSection(ProjectConfigurationPlatforms) = postSolution
		{447C4997-AC51-46C4-B726-7E683525B544}.Debug|Any CPU.ActiveCfg = Debug|Any CPU
		{447C4997-AC51-46C4-B726-7E683525B544}.Debug|Any CPU.Build.0 = Debug|Any CPU
		{447C4997-AC51-46C4-B726-7E683525B544}.Release|Any CPU.ActiveCfg = Release|Any CPU
		{447C4997-AC51-46C4-B726-7E683525B544}.Release|Any CPU.Build.0 = Release|Any CPU
	EndGlobalSection
	GlobalSection(SolutionProperties) = preSolution
		HideSolutionNode = FALSE
	EndGlobalSection
	GlobalSection(ExtensibilityGlobals) = postSolution
		SolutionGuid = {6BDE08A9-7BF2-4C06-A656-2F5B9C0337BE}
	EndGlobalSection
EndGlobal
